
Microsoft Visual Studio Solution File, Format Version 12.00
# Visual Studio 15
VisualStudioVersion = 15.0.28307.539
MinimumVisualStudioVersion = 10.0.40219.1
Project("{FAE04EC0-301F-11D3-BF4B-00C04F79EFBC}") = "BlockCypher.Net", "BlockCypher.Net\BlockCypher.Net.csproj", "{017D4C88-F867-4C92-8E24-8979461366D4}"
EndProject
Project("{FAE04EC0-301F-11D3-BF4B-00C04F79EFBC}") = "BlockCypher.ConcoleApp", "BlockCypher.ConcoleApp\BlockCypher.ConcoleApp.csproj", "{1EEC9099-27B4-4C7B-947D-70F70A53926F}"
EndProject
Global
	GlobalSection(SolutionConfigurationPlatforms) = preSolution
		Debug|Any CPU = Debug|Any CPU
		Release|Any CPU = Release|Any CPU
	EndGlobalSection
	GlobalSection(ProjectConfigurationPlatforms) = postSolution
		{017D4C88-F867-4C92-8E24-8979461366D4}.Debug|Any CPU.ActiveCfg = Debug|Any CPU
		{017D4C88-F867-4C92-8E24-8979461366D4}.Debug|Any CPU.Build.0 = Debug|Any CPU
		{017D4C88-F867-4C92-8E24-8979461366D4}.Release|Any CPU.ActiveCfg = Release|Any CPU
		{017D4C88-F867-4C92-8E24-8979461366D4}.Release|Any CPU.Build.0 = Release|Any CPU
		{1EEC9099-27B4-4C7B-947D-70F70A53926F}.Debug|Any CPU.ActiveCfg = Debug|Any CPU
		{1EEC9099-27B4-4C7B-947D-70F70A53926F}.Debug|Any CPU.Build.0 = Debug|Any CPU
		{1EEC9099-27B4-4C7B-947D-70F70A53926F}.Release|Any CPU.ActiveCfg = Release|Any CPU
		{1EEC9099-27B4-4C7B-947D-70F70A53926F}.Release|Any CPU.Build.0 = Release|Any CPU
	EndGlobalSection
	GlobalSection(SolutionProperties) = preSolution
		HideSolutionNode = FALSE
	EndGlobalSection
	GlobalSection(ExtensibilityGlobals) = postSolution
		SolutionGuid = {06DF1879-BE56-4652-8A1F-A9C28F929FC3}
	EndGlobalSection
EndGlobal
